// !$*UTF8*$!
{
	archiveVersion = 1;
	classes = {
	};
	objectVersion = 50;
	objects = {

/* Begin PBXBuildFile section */
		6C368067214044D0009AD5C0 /* AppDelegate.swift in Sources */ = {isa = PBXBuildFile; fileRef = 6C368066214044D0009AD5C0 /* AppDelegate.swift */; };
		6C368069214044D0009AD5C0 /* ViewController.swift in Sources */ = {isa = PBXBuildFile; fileRef = 6C368068214044D0009AD5C0 /* ViewController.swift */; };
		6C36806C214044D0009AD5C0 /* Main.storyboard in Resources */ = {isa = PBXBuildFile; fileRef = 6C36806A214044D0009AD5C0 /* Main.storyboard */; };
		6C36806E214044D1009AD5C0 /* Assets.xcassets in Resources */ = {isa = PBXBuildFile; fileRef = 6C36806D214044D1009AD5C0 /* Assets.xcassets */; };
		6C368071214044D1009AD5C0 /* LaunchScreen.storyboard in Resources */ = {isa = PBXBuildFile; fileRef = 6C36806F214044D1009AD5C0 /* LaunchScreen.storyboard */; };
		6C36807921404958009AD5C0 /* LocationManager.swift in Sources */ = {isa = PBXBuildFile; fileRef = 6C36807821404958009AD5C0 /* LocationManager.swift */; };
/* End PBXBuildFile section */

/* Begin PBXFileReference section */
		6C368063214044D0009AD5C0 /* Swift101ConvertCoordinates.app */ = {isa = PBXFileReference; explicitFileType = wrapper.application; includeInIndex = 0; path = Swift101ConvertCoordinates.app; sourceTree = BUILT_PRODUCTS_DIR; };
		6C368066214044D0009AD5C0 /* AppDelegate.swift */ = {isa = PBXFileReference; lastKnownFileType = sourcecode.swift; path = AppDelegate.swift; sourceTree = "<group>"; };
		6C368068214044D0009AD5C0 /* ViewController.swift */ = {isa = PBXFileReference; lastKnownFileType = sourcecode.swift; path = ViewController.swift; sourceTree = "<group>"; };
		6C36806B214044D0009AD5C0 /* Base */ = {isa = PBXFileReference; lastKnownFileType = file.storyboard; name = Base; path = Base.lproj/Main.storyboard; sourceTree = "<group>"; };
		6C36806D214044D1009AD5C0 /* Assets.xcassets */ = {isa = PBXFileReference; lastKnownFileType = folder.assetcatalog; path = Assets.xcassets; sourceTree = "<group>"; };
		6C368070214044D1009AD5C0 /* Base */ = {isa = PBXFileReference; lastKnownFileType = file.storyboard; name = Base; path = Base.lproj/LaunchScreen.storyboard; sourceTree = "<group>"; };
		6C368072214044D1009AD5C0 /* Info.plist */ = {isa = PBXFileReference; lastKnownFileType = text.plist.xml; path = Info.plist; sourceTree = "<group>"; };
		6C36807821404958009AD5C0 /* LocationManager.swift */ = {isa = PBXFileReference; lastKnownFileType = sourcecode.swift; path = LocationManager.swift; sourceTree = "<group>"; };
/* End PBXFileReference section */

/* Begin PBXFrameworksBuildPhase section */
		6C368060214044D0009AD5C0 /* Frameworks */ = {
			isa = PBXFrameworksBuildPhase;
			buildActionMask = 2147483647;
			files = (
			);
			runOnlyForDeploymentPostprocessing = 0;
		};
/* End PBXFrameworksBuildPhase section */

/* Begin PBXGroup section */
		6C36805A214044D0009AD5C0 = {
			isa = PBXGroup;
			children = (
				6C368065214044D0009AD5C0 /* Swift101ConvertCoordinates */,
				6C368064214044D0009AD5C0 /* Products */,
			);
			sourceTree = "<group>";
		};
		6C368064214044D0009AD5C0 /* Products */ = {
			isa = PBXGroup;
			children = (
				6C368063214044D0009AD5C0 /* Swift101ConvertCoordinates.app */,
			);
			name = Products;
			sourceTree = "<group>";
		};
		6C368065214044D0009AD5C0 /* Swift101ConvertCoordinates */ = {
			isa = PBXGroup;
			children = (
				6C36807A21404960009AD5C0 /* Supporting Files */,
				6C36807821404958009AD5C0 /* LocationManager.swift */,
			);
			path = Swift101ConvertCoordinates;
			sourceTree = "<group>";
		};
		6C36807A21404960009AD5C0 /* Supporting Files */ = {
			isa = PBXGroup;
			children = (
				6C368066214044D0009AD5C0 /* AppDelegate.swift */,
				6C368068214044D0009AD5C0 /* ViewController.swift */,
				6C36806A214044D0009AD5C0 /* Main.storyboard */,
				6C36806D214044D1009AD5C0 /* Assets.xcassets */,
				6C36806F214044D1009AD5C0 /* LaunchScreen.storyboard */,
				6C368072214044D1009AD5C0 /* Info.plist */,
			);
			path = "Supporting Files";
			sourceTree = "<group>";
		};
/* End PBXGroup section */

/* Begin PBXNativeTarget section */
		6C368062214044D0009AD5C0 /* Swift101ConvertCoordinates */ = {
			isa = PBXNativeTarget;
			buildConfigurationList = 6C368075214044D1009AD5C0 /* Build configuration list for PBXNativeTarget "Swift101ConvertCoordinates" */;
			buildPhases = (
				6C36805F214044D0009AD5C0 /* Sources */,
				6C368060214044D0009AD5C0 /* Frameworks */,
				6C368061214044D0009AD5C0 /* Resources */,
			);
			buildRules = (
			);
			dependencies = (
			);
			name = Swift101ConvertCoordinates;
			productName = Swift101ConvertCoordinates;
			productReference = 6C368063214044D0009AD5C0 /* Swift101ConvertCoordinates.app */;
			productType = "com.apple.product-type.application";
		};
/* End PBXNativeTarget section */

/* Begin PBXProject section */
		6C36805B214044D0009AD5C0 /* Project object */ = {
			isa = PBXProject;
			attributes = {
				LastSwiftUpdateCheck = 0940;
				LastUpgradeCheck = 0940;
				ORGANIZATIONNAME = "David Seek";
				TargetAttributes = {
					6C368062214044D0009AD5C0 = {
						CreatedOnToolsVersion = 9.4.1;
					};
				};
			};
			buildConfigurationList = 6C36805E214044D0009AD5C0 /* Build configuration list for PBXProject "Swift101ConvertCoordinates" */;
			compatibilityVersion = "Xcode 9.3";
			developmentRegion = en;
			hasScannedForEncodings = 0;
			knownRegions = (
				en,
				Base,
			);
			mainGroup = 6C36805A214044D0009AD5C0;
			productRefGroup = 6C368064214044D0009AD5C0 /* Products */;
			projectDirPath = "";
			projectRoot = "";
			targets = (
				6C368062214044D0009AD5C0 /* Swift101ConvertCoordinates */,
			);
		};
/* End PBXProject section */

/* Begin PBXResourcesBuildPhase section */
		6C368061214044D0009AD5C0 /* Resources */ = {
			isa = PBXResourcesBuildPhase;
			buildActionMask = 2147483647;
			files = (
				6C368071214044D1009AD5C0 /* LaunchScreen.storyboard in Resources */,
				6C36806E214044D1009AD5C0 /* Assets.xcassets in Resources */,
				6C36806C214044D0009AD5C0 /* Main.storyboard in Resources */,
			);
			runOnlyForDeploymentPostprocessing = 0;
		};
/* End PBXResourcesBuildPhase section */

/* Begin PBXSourcesBuildPhase section */
		6C36805F214044D0009AD5C0 /* Sources */ = {
			isa = PBXSourcesBuildPhase;
			buildActionMask = 2147483647;
			files = (
				6C368069214044D0009AD5C0 /* ViewController.swift in Sources */,
				6C368067214044D0009AD5C0 /* AppDelegate.swift in Sources */,
				6C36807921404958009AD5C0 /* LocationManager.swift in Sources */,
			);
			runOnlyForDeploymentPostprocessing = 0;
		};
/* End PBXSourcesBuildPhase section */

/* Begin PBXVariantGroup section */
		6C36806A214044D0009AD5C0 /* Main.storyboard */ = {
			isa = PBXVariantGroup;
			children = (
				6C36806B214044D0009AD5C0 /* Base */,
			);
			name = Main.storyboard;
			sourceTree = "<group>";
		};
		6C36806F214044D1009AD5C0 /* LaunchScreen.storyboard */ = {
			isa = PBXVariantGroup;
			children = (
				6C368070214044D1009AD5C0 /* Base */,
			);
			name = LaunchScreen.storyboard;
			sourceTree = "<group>";
		};
/* End PBXVariantGroup section */

/* Begin XCBuildConfiguration section */
		6C368073214044D1009AD5C0 /* Debug */ = {
			isa = XCBuildConfiguration;
			buildSettings = {
				ALWAYS_SEARCH_USER_PATHS = NO;
				CLANG_ANALYZER_NONNULL = YES;
				CLANG_ANALYZER_NUMBER_OBJECT_CONVERSION = YES_AGGRESSIVE;
				CLANG_CXX_LANGUAGE_STANDARD = "gnu++14";
				CLANG_CXX_LIBRARY = "libc++";
				CLANG_ENABLE_MODULES = YES;
				CLANG_ENABLE_OBJC_ARC = YES;
				CLANG_ENABLE_OBJC_WEAK = YES;
				CLANG_WARN_BLOCK_CAPTURE_AUTORELEASING = YES;
				CLANG_WARN_BOOL_CONVERSION = YES;
				CLANG_WARN_COMMA = YES;
				CLANG_WARN_CONSTANT_CONVERSION = YES;
				CLANG_WARN_DEPRECATED_OBJC_IMPLEMENTATIONS = YES;
				CLANG_WARN_DIRECT_OBJC_ISA_USAGE = YES_ERROR;
				CLANG_WARN_DOCUMENTATION_COMMENTS = YES;
				CLANG_WARN_EMPTY_BODY = YES;
				CLANG_WARN_ENUM_CONVERSION = YES;
				CLANG_WARN_INFINITE_RECURSION = YES;
				CLANG_WARN_INT_CONVERSION = YES;
				CLANG_WARN_NON_LITERAL_NULL_CONVERSION = YES;
				CLANG_WARN_OBJC_IMPLICIT_RETAIN_SELF = YES;
				CLANG_WARN_OBJC_LITERAL_CONVERSION = YES;
				CLANG_WARN_OBJC_ROOT_CLASS = YES_ERROR;
				CLANG_WARN_RANGE_LOOP_ANALYSIS = YES;
				CLANG_WARN_STRICT_PROTOTYPES = YES;
				CLANG_WARN_SUSPICIOUS_MOVE = YES;
				CLANG_WARN_UNGUARDED_AVAILABILITY = YES_AGGRESSIVE;
				CLANG_WARN_UNREACHABLE_CODE = YES;
				CLANG_WARN__DUPLICATE_METHOD_MATCH = YES;
				CODE_SIGN_IDENTITY = "iPhone Developer";
				COPY_PHASE_STRIP = NO;
				DEBUG_INFORMATION_FORMAT = dwarf;
				ENABLE_STRICT_OBJC_MSGSEND = YES;
				ENABLE_TESTABILITY = YES;
				GCC_C_LANGUAGE_STANDARD = gnu11;
				GCC_DYNAMIC_NO_PIC = NO;
				GCC_NO_COMMON_BLOCKS = YES;
				GCC_OPTIMIZATION_LEVEL = 0;
				GCC_PREPROCESSOR_DEFINITIONS = (
					"DEBUG=1",
					"$(inherited)",
				);
				GCC_WARN_64_TO_32_BIT_CONVERSION = YES;
				GCC_WARN_ABOUT_RETURN_TYPE = YES_ERROR;
				GCC_WARN_UNDECLARED_SELECTOR = YES;
				GCC_WARN_UNINITIALIZED_AUTOS = YES_AGGRESSIVE;
				GCC_WARN_UNUSED_FUNCTION = YES;
				GCC_WARN_UNUSED_VARIABLE = YES;
				IPHONEOS_DEPLOYMENT_TARGET = 11.4;
				MTL_ENABLE_DEBUG_INFO = YES;
				ONLY_ACTIVE_ARCH = YES;
				SDKROOT = iphoneos;
				SWIFT_ACTIVE_COMPILATION_CONDITIONS = DEBUG;
				SWIFT_OPTIMIZATION_LEVEL = "-Onone";
			};
			name = Debug;
		};
		6C368074214044D1009AD5C0 /* Release */ = {
			isa = XCBuildConfiguration;
			buildSettings = {
				ALWAYS_SEARCH_USER_PATHS = NO;
				CLANG_ANALYZER_NONNULL = YES;
				CLANG_ANALYZER_NUMBER_OBJECT_CONVERSION = YES_AGGRESSIVE;
				CLANG_CXX_LANGUAGE_STANDARD = "gnu++14";
				CLANG_CXX_LIBRARY = "libc++";
				CLANG_ENABLE_MODULES = YES;
				CLANG_ENABLE_OBJC_ARC = YES;
				CLANG_ENABLE_OBJC_WEAK = YES;
				CLANG_WARN_BLOCK_CAPTURE_AUTORELEASING = YES;
				CLANG_WARN_BOOL_CONVERSION = YES;
				CLANG_WARN_COMMA = YES;
				CLANG_WARN_CONSTANT_CONVERSION = YES;
				CLANG_WARN_DEPRECATED_OBJC_IMPLEMENTATIONS = YES;
				CLANG_WARN_DIRECT_OBJC_ISA_USAGE = YES_ERROR;
				CLANG_WARN_DOCUMENTATION_COMMENTS = YES;
				CLANG_WARN_EMPTY_BODY = YES;
				CLANG_WARN_ENUM_CONVERSION = YES;
				CLANG_WARN_INFINITE_RECURSION = YES;
				CLANG_WARN_INT_CONVERSION = YES;
				CLANG_WARN_NON_LITERAL_NULL_CONVERSION = YES;
				CLANG_WARN_OBJC_IMPLICIT_RETAIN_SELF = YES;
				CLANG_WARN_OBJC_LITERAL_CONVERSION = YES;
				CLANG_WARN_OBJC_ROOT_CLASS = YES_ERROR;
				CLANG_WARN_RANGE_LOOP_ANALYSIS = YES;
				CLANG_WARN_STRICT_PROTOTYPES = YES;
				CLANG_WARN_SUSPICIOUS_MOVE = YES;
				CLANG_WARN_UNGUARDED_AVAILABILITY = YES_AGGRESSIVE;
				CLANG_WARN_UNREACHABLE_CODE = YES;
				CLANG_WARN__DUPLICATE_METHOD_MATCH = YES;
				CODE_SIGN_IDENTITY = "iPhone Developer";
				COPY_PHASE_STRIP = NO;
				DEBUG_INFORMATION_FORMAT = "dwarf-with-dsym";
				ENABLE_NS_ASSERTIONS = NO;
				ENABLE_STRICT_OBJC_MSGSEND = YES;
				GCC_C_LANGUAGE_STANDARD = gnu11;
				GCC_NO_COMMON_BLOCKS = YES;
				GCC_WARN_64_TO_32_BIT_CONVERSION = YES;
				GCC_WARN_ABOUT_RETURN_TYPE = YES_ERROR;
				GCC_WARN_UNDECLARED_SELECTOR = YES;
				GCC_WARN_UNINITIALIZED_AUTOS = YES_AGGRESSIVE;
				GCC_WARN_UNUSED_FUNCTION = YES;
				GCC_WARN_UNUSED_VARIABLE = YES;
				IPHONEOS_DEPLOYMENT_TARGET = 11.4;
				MTL_ENABLE_DEBUG_INFO = NO;
				SDKROOT = iphoneos;
				SWIFT_COMPILATION_MODE = wholemodule;
				SWIFT_OPTIMIZATION_LEVEL = "-O";
				VALIDATE_PRODUCT = YES;
			};
			name = Release;
		};
		6C368076214044D1009AD5C0 /* Debug */ = {
			isa = XCBuildConfiguration;
			buildSettings = {
				ASSETCATALOG_COMPILER_APPICON_NAME = AppIcon;
				CODE_SIGN_STYLE = Automatic;
				DEVELOPMENT_TEAM = 69XUZ6HBUE;
				INFOPLIST_FILE = "$(SRCROOT)/Swift101ConvertCoordinates/Supporting Files/Info.plist";
				LD_RUNPATH_SEARCH_PATHS = (
					"$(inherited)",
					"@executable_path/Frameworks",
				);
				PRODUCT_BUNDLE_IDENTIFIER = com.davidseek.Swift101ConvertCoordinates;
				PRODUCT_NAME = "$(TARGET_NAME)";
				SWIFT_VERSION = 4.0;
				TARGETED_DEVICE_FAMILY = "1,2";
			};
			name = Debug;
		};
		6C368077214044D1009AD5C0 /* Release */ = {
			isa = XCBuildConfiguration;
			buildSettings = {
				ASSETCATALOG_COMPILER_APPICON_NAME = AppIcon;
				CODE_SIGN_STYLE = Automatic;
				DEVELOPMENT_TEAM = 69XUZ6HBUE;
				INFOPLIST_FILE = "$(SRCROOT)/Swift101ConvertCoordinates/Supporting Files/Info.plist";
				LD_RUNPATH_SEARCH_PATHS = (
					"$(inherited)",
					"@executable_path/Frameworks",
				);
				PRODUCT_BUNDLE_IDENTIFIER = com.davidseek.Swift101ConvertCoordinates;
				PRODUCT_NAME = "$(TARGET_NAME)";
				SWIFT_VERSION = 4.0;
				TARGETED_DEVICE_FAMILY = "1,2";
			};
			name = Release;
		};
/* End XCBuildConfiguration section */

/* Begin XCConfigurationList section */
		6C36805E214044D0009AD5C0 /* Build configuration list for PBXProject "Swift101ConvertCoordinates" */ = {
			isa = XCConfigurationList;
			buildConfigurations = (
				6C368073214044D1009AD5C0 /* Debug */,
				6C368074214044D1009AD5C0 /* Release */,
			);
			defaultConfigurationIsVisible = 0;
			defaultConfigurationName = Release;
		};
		6C368075214044D1009AD5C0 /* Build configuration list for PBXNativeTarget "Swift101ConvertCoordinates" */ = {
			isa = XCConfigurationList;
			buildConfigurations = (
				6C368076214044D1009AD5C0 /* Debug */,
				6C368077214044D1009AD5C0 /* Release */,
			);
			defaultConfigurationIsVisible = 0;
			defaultConfigurationName = Release;
		};
/* End XCConfigurationList section */
	};
	rootObject = 6C36805B214044D0009AD5C0 /* Project object */;
}
